
Microsoft Visual Studio Solution File, Format Version 12.00
# Visual Studio 15
VisualStudioVersion = 15.0.28307.705
MinimumVisualStudioVersion = 10.0.40219.1
Project("{888888A0-9F3D-457C-B088-3A5042F75D52}") = "PythonGrayValue", "PythonGrayValue.pyproj", "{BE1BE5F3-8B73-4C82-9B5D-C0F4BAE6F18B}"
EndProject
Global
	GlobalSection(SolutionConfigurationPlatforms) = preSolution
		Debug|Any CPU = Debug|Any CPU
		Release|Any CPU = Release|Any CPU
	EndGlobalSection
	GlobalSection(ProjectConfigurationPlatforms) = postSolution
		{BE1BE5F3-8B73-4C82-9B5D-C0F4BAE6F18B}.Debug|Any CPU.ActiveCfg = Debug|Any CPU
		{BE1BE5F3-8B73-4C82-9B5D-C0F4BAE6F18B}.Release|Any CPU.ActiveCfg = Release|Any CPU
	EndGlobalSection
	GlobalSection(SolutionProperties) = preSolution
		HideSolutionNode = FALSE
	EndGlobalSection
	GlobalSection(ExtensibilityGlobals) = postSolution
		SolutionGuid = {3BAACE5D-E52C-43A5-B8F0-C1C7FD28073C}
	EndGlobalSection
EndGlobal
